
Microsoft Visual Studio Solution File, Format Version 12.00
# Visual Studio Version 16
VisualStudioVersion = 16.0.29409.12
MinimumVisualStudioVersion = 10.0.40219.1
Project("{9A19103F-16F7-4668-BE54-9A1E7A4F7556}") = "Code.Challenge.App", "Code.Challenge.App\Code.Challenge.App.csproj", "{67DADF86-D7AD-43BD-A7F0-AB6507F5193F}"
EndProject
Project("{2150E333-8FDC-42A3-9474-1A3956D46DE8}") = "Host", "Host", "{73A29302-82A0-48AA-84DE-F8C98576EC39}"
EndProject
Project("{2150E333-8FDC-42A3-9474-1A3956D46DE8}") = "DataLayer", "DataLayer", "{5BCF1319-9DB4-4F16-86FF-6F54AAD02964}"
EndProject
Project("{2150E333-8FDC-42A3-9474-1A3956D46DE8}") = "LogicLayer", "LogicLayer", "{CA1752B6-D64B-460A-98E0-F1E83527497F}"
EndProject
Project("{2150E333-8FDC-42A3-9474-1A3956D46DE8}") = "UnitTest", "UnitTest", "{9A35C9EE-7A88-4149-B2E1-CFC591BF18F8}"
EndProject
Project("{FAE04EC0-301F-11D3-BF4B-00C04F79EFBC}") = "Code.Challenge.DataLayer", "Code.Challenge.DataLayer\Code.Challenge.DataLayer.csproj", "{31DC51C4-F25B-462E-9A5F-EE993DF59E2A}"
EndProject
Project("{FAE04EC0-301F-11D3-BF4B-00C04F79EFBC}") = "Code.Challenge.LogicLayer", "Code.Challenge.LogicLayer\Code.Challenge.LogicLayer.csproj", "{141F8000-CB35-4248-BE07-5B2B971260DF}"
EndProject
Project("{FAE04EC0-301F-11D3-BF4B-00C04F79EFBC}") = "Code.Challenge.UnitTest", "Code.Challenge.UnitTest\Code.Challenge.UnitTest.csproj", "{A64E4641-637A-438C-9D31-7A72BA3A5392}"
EndProject
Global
	GlobalSection(SolutionConfigurationPlatforms) = preSolution
		Debug|Any CPU = Debug|Any CPU
		Release|Any CPU = Release|Any CPU
	EndGlobalSection
	GlobalSection(ProjectConfigurationPlatforms) = postSolution
		{67DADF86-D7AD-43BD-A7F0-AB6507F5193F}.Debug|Any CPU.ActiveCfg = Debug|Any CPU
		{67DADF86-D7AD-43BD-A7F0-AB6507F5193F}.Debug|Any CPU.Build.0 = Debug|Any CPU
		{67DADF86-D7AD-43BD-A7F0-AB6507F5193F}.Release|Any CPU.ActiveCfg = Release|Any CPU
		{67DADF86-D7AD-43BD-A7F0-AB6507F5193F}.Release|Any CPU.Build.0 = Release|Any CPU
		{31DC51C4-F25B-462E-9A5F-EE993DF59E2A}.Debug|Any CPU.ActiveCfg = Debug|Any CPU
		{31DC51C4-F25B-462E-9A5F-EE993DF59E2A}.Debug|Any CPU.Build.0 = Debug|Any CPU
		{31DC51C4-F25B-462E-9A5F-EE993DF59E2A}.Release|Any CPU.ActiveCfg = Release|Any CPU
		{31DC51C4-F25B-462E-9A5F-EE993DF59E2A}.Release|Any CPU.Build.0 = Release|Any CPU
		{141F8000-CB35-4248-BE07-5B2B971260DF}.Debug|Any CPU.ActiveCfg = Debug|Any CPU
		{141F8000-CB35-4248-BE07-5B2B971260DF}.Debug|Any CPU.Build.0 = Debug|Any CPU
		{141F8000-CB35-4248-BE07-5B2B971260DF}.Release|Any CPU.ActiveCfg = Release|Any CPU
		{141F8000-CB35-4248-BE07-5B2B971260DF}.Release|Any CPU.Build.0 = Release|Any CPU
		{A64E4641-637A-438C-9D31-7A72BA3A5392}.Debug|Any CPU.ActiveCfg = Debug|Any CPU
		{A64E4641-637A-438C-9D31-7A72BA3A5392}.Debug|Any CPU.Build.0 = Debug|Any CPU
		{A64E4641-637A-438C-9D31-7A72BA3A5392}.Release|Any CPU.ActiveCfg = Release|Any CPU
		{A64E4641-637A-438C-9D31-7A72BA3A5392}.Release|Any CPU.Build.0 = Release|Any CPU
	EndGlobalSection
	GlobalSection(SolutionProperties) = preSolution
		HideSolutionNode = FALSE
	EndGlobalSection
	GlobalSection(NestedProjects) = preSolution
		{67DADF86-D7AD-43BD-A7F0-AB6507F5193F} = {73A29302-82A0-48AA-84DE-F8C98576EC39}
		{31DC51C4-F25B-462E-9A5F-EE993DF59E2A} = {5BCF1319-9DB4-4F16-86FF-6F54AAD02964}
		{141F8000-CB35-4248-BE07-5B2B971260DF} = {CA1752B6-D64B-460A-98E0-F1E83527497F}
		{A64E4641-637A-438C-9D31-7A72BA3A5392} = {9A35C9EE-7A88-4149-B2E1-CFC591BF18F8}
	EndGlobalSection
	GlobalSection(ExtensibilityGlobals) = postSolution
		SolutionGuid = {7A8F15D6-1B82-4069-BCB5-485A264AD314}
	EndGlobalSection
EndGlobal
