
Microsoft Visual Studio Solution File, Format Version 12.00
# Visual Studio Version 16
VisualStudioVersion = 16.0.29409.12
MinimumVisualStudioVersion = 10.0.40219.1
Project("{FAE04EC0-301F-11D3-BF4B-00C04F79EFBC}") = "Code.Challenge.App", "Code.Challenge.App\Code.Challenge.App.csproj", "{67DADF86-D7AD-43BD-A7F0-AB6507F5193F}"
EndProject
Project("{2150E333-8FDC-42A3-9474-1A3956D46DE8}") = "Host", "Host", "{73A29302-82A0-48AA-84DE-F8C98576EC39}"
EndProject
Global
	GlobalSection(SolutionConfigurationPlatforms) = preSolution
		Debug|Any CPU = Debug|Any CPU
		Release|Any CPU = Release|Any CPU
	EndGlobalSection
	GlobalSection(ProjectConfigurationPlatforms) = postSolution
		{67DADF86-D7AD-43BD-A7F0-AB6507F5193F}.Debug|Any CPU.ActiveCfg = Debug|Any CPU
		{67DADF86-D7AD-43BD-A7F0-AB6507F5193F}.Debug|Any CPU.Build.0 = Debug|Any CPU
		{67DADF86-D7AD-43BD-A7F0-AB6507F5193F}.Release|Any CPU.ActiveCfg = Release|Any CPU
		{67DADF86-D7AD-43BD-A7F0-AB6507F5193F}.Release|Any CPU.Build.0 = Release|Any CPU
	EndGlobalSection
	GlobalSection(SolutionProperties) = preSolution
		HideSolutionNode = FALSE
	EndGlobalSection
	GlobalSection(NestedProjects) = preSolution
		{67DADF86-D7AD-43BD-A7F0-AB6507F5193F} = {73A29302-82A0-48AA-84DE-F8C98576EC39}
	EndGlobalSection
	GlobalSection(ExtensibilityGlobals) = postSolution
		SolutionGuid = {7A8F15D6-1B82-4069-BCB5-485A264AD314}
	EndGlobalSection
EndGlobal
